
Microsoft Visual Studio Solution File, Format Version 12.00
Project("{2150E333-8FDC-42A3-9474-1A3956D46DE8}") = "src", "src", "{ABFEDDB1-F6C1-4338-B432-B36D179FD6BC}"
EndProject
Project("{2150E333-8FDC-42A3-9474-1A3956D46DE8}") = "tests", "tests", "{EC9006E9-CFC2-4E66-A7A1-374E303F8D4C}"
EndProject
Project("{2150E333-8FDC-42A3-9474-1A3956D46DE8}") = "core", "core", "{D2CA7F50-024B-49D9-B93E-76B8F6DE24B4}"
EndProject
Project("{2150E333-8FDC-42A3-9474-1A3956D46DE8}") = "infrastructure", "infrastructure", "{4A49CDC4-33E4-4C12-BC81-790A66F1502B}"
EndProject
Project("{2150E333-8FDC-42A3-9474-1A3956D46DE8}") = "presentation", "presentation", "{C9AB48B0-D4E3-4A82-A4C0-3F71AED1AA21}"
EndProject
Project("{FAE04EC0-301F-11D3-BF4B-00C04F79EFBC}") = "Net.JourneyHero.Application", "Application\src\core\Net.JourneyHero.Application\Net.JourneyHero.Application.csproj", "{9F1FFDE1-3BF9-4A10-A35E-32715E65A4FB}"
EndProject
Project("{FAE04EC0-301F-11D3-BF4B-00C04F79EFBC}") = "Net.JourneyHero.Domain", "Application\src\core\Net.JourneyHero.Domain\Net.JourneyHero.Domain.csproj", "{ED658E8D-D387-476F-BDE3-71F08323C62F}"
EndProject
Project("{FAE04EC0-301F-11D3-BF4B-00C04F79EFBC}") = "Net.JourneyHero.Infrastructure", "Application\src\infrastructure\Net.JourneyHero.Infrastructure\Net.JourneyHero.Infrastructure.csproj", "{711A3D08-C84A-4ECA-9AEA-962CD6F2F2BD}"
EndProject
Project("{FAE04EC0-301F-11D3-BF4B-00C04F79EFBC}") = "Net.JourneyHero.Persistence", "Application\src\infrastructure\Net.JourneyHero.Persistence\Net.JourneyHero.Persistence.csproj", "{6E88D987-A350-4F9F-936E-B45153884AE4}"
EndProject
Project("{FAE04EC0-301F-11D3-BF4B-00C04F79EFBC}") = "Net.JourneyHero.WebApi", "Application\src\presentation\Net.JourneyHero.WebApi\Net.JourneyHero.WebApi.csproj", "{3084C9DA-7E0D-43B6-A0DE-9A14E8C94084}"
EndProject
Project("{2150E333-8FDC-42A3-9474-1A3956D46DE8}") = "docs", "docs", "{B94EE1DD-D2C2-43F1-B72D-89693593C159}"
	ProjectSection(SolutionItems) = preProject
		docs\ARCHITECTURE.md = docs\ARCHITECTURE.md
		docs\CQRS-ES.md = docs\CQRS-ES.md
		docs\DDD.md = docs\DDD.md
		docs\HEXAGONAL.md = docs\HEXAGONAL.md
		docs\SOLID.md = docs\SOLID.md
	EndProjectSection
EndProject
Project("{2150E333-8FDC-42A3-9474-1A3956D46DE8}") = "Application", "Application", "{A73FEB23-2AD5-4EC3-BC9F-C9D9F9BA8821}"
EndProject
Project("{2150E333-8FDC-42A3-9474-1A3956D46DE8}") = "Common", "Common", "{62C5FD9E-BE31-4816-8FBD-D3280A1C77AA}"
EndProject
Project("{2150E333-8FDC-42A3-9474-1A3956D46DE8}") = "src", "src", "{8366052D-5EA2-4C7D-BFFD-09B59B3A0300}"
EndProject
Project("{2150E333-8FDC-42A3-9474-1A3956D46DE8}") = "tests", "tests", "{FD6E5925-839F-4B81-9731-C438BCC6791D}"
EndProject
Project("{2150E333-8FDC-42A3-9474-1A3956D46DE8}") = "core", "core", "{10873C38-DAFE-4782-8B30-8059184FAF9B}"
EndProject
Project("{2150E333-8FDC-42A3-9474-1A3956D46DE8}") = "infrastructure", "infrastructure", "{477C7BAA-0CAF-4378-ADCD-B8997DB667A9}"
EndProject
Project("{2150E333-8FDC-42A3-9474-1A3956D46DE8}") = "presentation", "presentation", "{B1C8C3A6-9785-424D-8AE0-64BC4EE0CE0C}"
EndProject
Project("{FAE04EC0-301F-11D3-BF4B-00C04F79EFBC}") = "Net.JourneyHero.Common.Domain", "Common\src\core\Net.JourneyHero.Common.Domain\Net.JourneyHero.Common.Domain.csproj", "{655CCD52-7711-4C45-94DA-C6A437A39DAC}"
EndProject
Project("{FAE04EC0-301F-11D3-BF4B-00C04F79EFBC}") = "Net.JourneyHero.Common.Application", "Common\src\core\Net.JourneyHero.Common.Application\Net.JourneyHero.Common.Application.csproj", "{2DF82731-FB0E-4865-A424-04CB6ECD3F38}"
EndProject
Project("{FAE04EC0-301F-11D3-BF4B-00C04F79EFBC}") = "Net.JourneyHero.Common.Infrastructure", "Common\src\infrastructure\Net.JourneyHero.Common.Infrastructure\Net.JourneyHero.Common.Infrastructure.csproj", "{348C157F-040B-4F78-BAC5-3DEB2508BA8A}"
EndProject
Project("{FAE04EC0-301F-11D3-BF4B-00C04F79EFBC}") = "Net.JourneyHero.Common.Persistence", "Common\src\infrastructure\Net.JourneyHero.Common.Persistence\Net.JourneyHero.Common.Persistence.csproj", "{4AE3CCCA-8FE2-4C74-A807-15FCED9B5548}"
EndProject
Project("{FAE04EC0-301F-11D3-BF4B-00C04F79EFBC}") = "Net.JourneyHero.Common.WebApi", "Common\src\presentation\Net.JourneyHero.Common.WebApi\Net.JourneyHero.Common.WebApi.csproj", "{78892AB8-DB09-46A5-8D50-0F4FE4B55871}"
EndProject
Global
	GlobalSection(SolutionConfigurationPlatforms) = preSolution
		Debug|Any CPU = Debug|Any CPU
		Release|Any CPU = Release|Any CPU
	EndGlobalSection
	GlobalSection(NestedProjects) = preSolution
		{D2CA7F50-024B-49D9-B93E-76B8F6DE24B4} = {ABFEDDB1-F6C1-4338-B432-B36D179FD6BC}
		{4A49CDC4-33E4-4C12-BC81-790A66F1502B} = {ABFEDDB1-F6C1-4338-B432-B36D179FD6BC}
		{C9AB48B0-D4E3-4A82-A4C0-3F71AED1AA21} = {ABFEDDB1-F6C1-4338-B432-B36D179FD6BC}
		{9F1FFDE1-3BF9-4A10-A35E-32715E65A4FB} = {D2CA7F50-024B-49D9-B93E-76B8F6DE24B4}
		{ED658E8D-D387-476F-BDE3-71F08323C62F} = {D2CA7F50-024B-49D9-B93E-76B8F6DE24B4}
		{711A3D08-C84A-4ECA-9AEA-962CD6F2F2BD} = {4A49CDC4-33E4-4C12-BC81-790A66F1502B}
		{6E88D987-A350-4F9F-936E-B45153884AE4} = {4A49CDC4-33E4-4C12-BC81-790A66F1502B}
		{3084C9DA-7E0D-43B6-A0DE-9A14E8C94084} = {C9AB48B0-D4E3-4A82-A4C0-3F71AED1AA21}
		{B94EE1DD-D2C2-43F1-B72D-89693593C159} = {A73FEB23-2AD5-4EC3-BC9F-C9D9F9BA8821}
		{ABFEDDB1-F6C1-4338-B432-B36D179FD6BC} = {A73FEB23-2AD5-4EC3-BC9F-C9D9F9BA8821}
		{EC9006E9-CFC2-4E66-A7A1-374E303F8D4C} = {A73FEB23-2AD5-4EC3-BC9F-C9D9F9BA8821}
		{8366052D-5EA2-4C7D-BFFD-09B59B3A0300} = {62C5FD9E-BE31-4816-8FBD-D3280A1C77AA}
		{FD6E5925-839F-4B81-9731-C438BCC6791D} = {62C5FD9E-BE31-4816-8FBD-D3280A1C77AA}
		{10873C38-DAFE-4782-8B30-8059184FAF9B} = {8366052D-5EA2-4C7D-BFFD-09B59B3A0300}
		{477C7BAA-0CAF-4378-ADCD-B8997DB667A9} = {8366052D-5EA2-4C7D-BFFD-09B59B3A0300}
		{B1C8C3A6-9785-424D-8AE0-64BC4EE0CE0C} = {8366052D-5EA2-4C7D-BFFD-09B59B3A0300}
		{655CCD52-7711-4C45-94DA-C6A437A39DAC} = {10873C38-DAFE-4782-8B30-8059184FAF9B}
		{2DF82731-FB0E-4865-A424-04CB6ECD3F38} = {10873C38-DAFE-4782-8B30-8059184FAF9B}
		{348C157F-040B-4F78-BAC5-3DEB2508BA8A} = {477C7BAA-0CAF-4378-ADCD-B8997DB667A9}
		{4AE3CCCA-8FE2-4C74-A807-15FCED9B5548} = {477C7BAA-0CAF-4378-ADCD-B8997DB667A9}
		{78892AB8-DB09-46A5-8D50-0F4FE4B55871} = {B1C8C3A6-9785-424D-8AE0-64BC4EE0CE0C}
	EndGlobalSection
	GlobalSection(ProjectConfigurationPlatforms) = postSolution
		{9F1FFDE1-3BF9-4A10-A35E-32715E65A4FB}.Debug|Any CPU.ActiveCfg = Debug|Any CPU
		{9F1FFDE1-3BF9-4A10-A35E-32715E65A4FB}.Debug|Any CPU.Build.0 = Debug|Any CPU
		{9F1FFDE1-3BF9-4A10-A35E-32715E65A4FB}.Release|Any CPU.ActiveCfg = Release|Any CPU
		{9F1FFDE1-3BF9-4A10-A35E-32715E65A4FB}.Release|Any CPU.Build.0 = Release|Any CPU
		{ED658E8D-D387-476F-BDE3-71F08323C62F}.Debug|Any CPU.ActiveCfg = Debug|Any CPU
		{ED658E8D-D387-476F-BDE3-71F08323C62F}.Debug|Any CPU.Build.0 = Debug|Any CPU
		{ED658E8D-D387-476F-BDE3-71F08323C62F}.Release|Any CPU.ActiveCfg = Release|Any CPU
		{ED658E8D-D387-476F-BDE3-71F08323C62F}.Release|Any CPU.Build.0 = Release|Any CPU
		{711A3D08-C84A-4ECA-9AEA-962CD6F2F2BD}.Debug|Any CPU.ActiveCfg = Debug|Any CPU
		{711A3D08-C84A-4ECA-9AEA-962CD6F2F2BD}.Debug|Any CPU.Build.0 = Debug|Any CPU
		{711A3D08-C84A-4ECA-9AEA-962CD6F2F2BD}.Release|Any CPU.ActiveCfg = Release|Any CPU
		{711A3D08-C84A-4ECA-9AEA-962CD6F2F2BD}.Release|Any CPU.Build.0 = Release|Any CPU
		{6E88D987-A350-4F9F-936E-B45153884AE4}.Debug|Any CPU.ActiveCfg = Debug|Any CPU
		{6E88D987-A350-4F9F-936E-B45153884AE4}.Debug|Any CPU.Build.0 = Debug|Any CPU
		{6E88D987-A350-4F9F-936E-B45153884AE4}.Release|Any CPU.ActiveCfg = Release|Any CPU
		{6E88D987-A350-4F9F-936E-B45153884AE4}.Release|Any CPU.Build.0 = Release|Any CPU
		{3084C9DA-7E0D-43B6-A0DE-9A14E8C94084}.Debug|Any CPU.ActiveCfg = Debug|Any CPU
		{3084C9DA-7E0D-43B6-A0DE-9A14E8C94084}.Debug|Any CPU.Build.0 = Debug|Any CPU
		{3084C9DA-7E0D-43B6-A0DE-9A14E8C94084}.Release|Any CPU.ActiveCfg = Release|Any CPU
		{3084C9DA-7E0D-43B6-A0DE-9A14E8C94084}.Release|Any CPU.Build.0 = Release|Any CPU
		{655CCD52-7711-4C45-94DA-C6A437A39DAC}.Debug|Any CPU.ActiveCfg = Debug|Any CPU
		{655CCD52-7711-4C45-94DA-C6A437A39DAC}.Debug|Any CPU.Build.0 = Debug|Any CPU
		{655CCD52-7711-4C45-94DA-C6A437A39DAC}.Release|Any CPU.ActiveCfg = Release|Any CPU
		{655CCD52-7711-4C45-94DA-C6A437A39DAC}.Release|Any CPU.Build.0 = Release|Any CPU
		{2DF82731-FB0E-4865-A424-04CB6ECD3F38}.Debug|Any CPU.ActiveCfg = Debug|Any CPU
		{2DF82731-FB0E-4865-A424-04CB6ECD3F38}.Debug|Any CPU.Build.0 = Debug|Any CPU
		{2DF82731-FB0E-4865-A424-04CB6ECD3F38}.Release|Any CPU.ActiveCfg = Release|Any CPU
		{2DF82731-FB0E-4865-A424-04CB6ECD3F38}.Release|Any CPU.Build.0 = Release|Any CPU
		{348C157F-040B-4F78-BAC5-3DEB2508BA8A}.Debug|Any CPU.ActiveCfg = Debug|Any CPU
		{348C157F-040B-4F78-BAC5-3DEB2508BA8A}.Debug|Any CPU.Build.0 = Debug|Any CPU
		{348C157F-040B-4F78-BAC5-3DEB2508BA8A}.Release|Any CPU.ActiveCfg = Release|Any CPU
		{348C157F-040B-4F78-BAC5-3DEB2508BA8A}.Release|Any CPU.Build.0 = Release|Any CPU
		{4AE3CCCA-8FE2-4C74-A807-15FCED9B5548}.Debug|Any CPU.ActiveCfg = Debug|Any CPU
		{4AE3CCCA-8FE2-4C74-A807-15FCED9B5548}.Debug|Any CPU.Build.0 = Debug|Any CPU
		{4AE3CCCA-8FE2-4C74-A807-15FCED9B5548}.Release|Any CPU.ActiveCfg = Release|Any CPU
		{4AE3CCCA-8FE2-4C74-A807-15FCED9B5548}.Release|Any CPU.Build.0 = Release|Any CPU
		{78892AB8-DB09-46A5-8D50-0F4FE4B55871}.Debug|Any CPU.ActiveCfg = Debug|Any CPU
		{78892AB8-DB09-46A5-8D50-0F4FE4B55871}.Debug|Any CPU.Build.0 = Debug|Any CPU
		{78892AB8-DB09-46A5-8D50-0F4FE4B55871}.Release|Any CPU.ActiveCfg = Release|Any CPU
		{78892AB8-DB09-46A5-8D50-0F4FE4B55871}.Release|Any CPU.Build.0 = Release|Any CPU
	EndGlobalSection
EndGlobal
